
Microsoft Visual Studio Solution File, Format Version 12.00
# Visual Studio Version 16
VisualStudioVersion = 16.0.30114.105
MinimumVisualStudioVersion = 10.0.40219.1
Project("{6EC3EE1D-3C4E-46DD-8F32-0CC8E7565705}") = "WpfApp", "WpfApp.fsproj", "{E85E27F4-1B48-46BF-9F64-77C79B02B297}"
EndProject
Project("{2150E333-8FDC-42A3-9474-1A3956D46DE8}") = "Solution Items", "Solution Items", "{93079222-3CF0-4C6B-AD1E-3B766894BDA3}"
	ProjectSection(SolutionItems) = preProject
		build.fsx = build.fsx
	EndProjectSection
EndProject
Global
	GlobalSection(SolutionConfigurationPlatforms) = preSolution
		Debug|Any CPU = Debug|Any CPU
		Release|Any CPU = Release|Any CPU
	EndGlobalSection
	GlobalSection(ProjectConfigurationPlatforms) = postSolution
		{E85E27F4-1B48-46BF-9F64-77C79B02B297}.Debug|Any CPU.ActiveCfg = Debug|Any CPU
		{E85E27F4-1B48-46BF-9F64-77C79B02B297}.Debug|Any CPU.Build.0 = Debug|Any CPU
		{E85E27F4-1B48-46BF-9F64-77C79B02B297}.Release|Any CPU.ActiveCfg = Release|Any CPU
		{E85E27F4-1B48-46BF-9F64-77C79B02B297}.Release|Any CPU.Build.0 = Release|Any CPU
	EndGlobalSection
	GlobalSection(SolutionProperties) = preSolution
		HideSolutionNode = FALSE
	EndGlobalSection
	GlobalSection(ExtensibilityGlobals) = postSolution
		SolutionGuid = {17B51E71-2C47-4F9F-8C5A-BA7FBCD5A2CF}
	EndGlobalSection
EndGlobal
